// !$*UTF8*$!
{
	archiveVersion = 1;
	classes = {
	};
	objectVersion = 48;
	objects = {

/* Begin PBXBuildFile section */
		A95CF0482062B8C5007AA797 /* AppDelegate.swift in Sources */ = {isa = PBXBuildFile; fileRef = A95CF0472062B8C5007AA797 /* AppDelegate.swift */; };
		A95CF04A2062B8C5007AA797 /* ViewController.swift in Sources */ = {isa = PBXBuildFile; fileRef = A95CF0492062B8C5007AA797 /* ViewController.swift */; };
		A95CF04D2062B8C5007AA797 /* Main.storyboard in Resources */ = {isa = PBXBuildFile; fileRef = A95CF04B2062B8C5007AA797 /* Main.storyboard */; };
		A95CF04F2062B8C5007AA797 /* Assets.xcassets in Resources */ = {isa = PBXBuildFile; fileRef = A95CF04E2062B8C5007AA797 /* Assets.xcassets */; };
		A95CF0522062B8C5007AA797 /* LaunchScreen.storyboard in Resources */ = {isa = PBXBuildFile; fileRef = A95CF0502062B8C5007AA797 /* LaunchScreen.storyboard */; };
		A95CF0572062B8C5007AA797 /* tipCalculator WatchKit App.app in Embed Watch Content */ = {isa = PBXBuildFile; fileRef = A95CF0562062B8C5007AA797 /* tipCalculator WatchKit App.app */; };
		A95CF05D2062B8C5007AA797 /* Interface.storyboard in Resources */ = {isa = PBXBuildFile; fileRef = A95CF05B2062B8C5007AA797 /* Interface.storyboard */; };
		A95CF05F2062B8C5007AA797 /* Assets.xcassets in Resources */ = {isa = PBXBuildFile; fileRef = A95CF05E2062B8C5007AA797 /* Assets.xcassets */; };
		A95CF0662062B8C6007AA797 /* tipCalculator WatchKit Extension.appex in Embed App Extensions */ = {isa = PBXBuildFile; fileRef = A95CF0652062B8C6007AA797 /* tipCalculator WatchKit Extension.appex */; settings = {ATTRIBUTES = (RemoveHeadersOnCopy, ); }; };
		A95CF06B2062B8C6007AA797 /* InterfaceController.swift in Sources */ = {isa = PBXBuildFile; fileRef = A95CF06A2062B8C6007AA797 /* InterfaceController.swift */; };
		A95CF06D2062B8C6007AA797 /* ExtensionDelegate.swift in Sources */ = {isa = PBXBuildFile; fileRef = A95CF06C2062B8C6007AA797 /* ExtensionDelegate.swift */; };
		A95CF06F2062B8C6007AA797 /* NotificationController.swift in Sources */ = {isa = PBXBuildFile; fileRef = A95CF06E2062B8C6007AA797 /* NotificationController.swift */; };
		A95CF0712062B8C6007AA797 /* Assets.xcassets in Resources */ = {isa = PBXBuildFile; fileRef = A95CF0702062B8C6007AA797 /* Assets.xcassets */; };
/* End PBXBuildFile section */

/* Begin PBXContainerItemProxy section */
		A95CF0582062B8C5007AA797 /* PBXContainerItemProxy */ = {
			isa = PBXContainerItemProxy;
			containerPortal = A95CF03C2062B8C5007AA797 /* Project object */;
			proxyType = 1;
			remoteGlobalIDString = A95CF0552062B8C5007AA797;
			remoteInfo = "tipCalculator WatchKit App";
		};
		A95CF0672062B8C6007AA797 /* PBXContainerItemProxy */ = {
			isa = PBXContainerItemProxy;
			containerPortal = A95CF03C2062B8C5007AA797 /* Project object */;
			proxyType = 1;
			remoteGlobalIDString = A95CF0642062B8C6007AA797;
			remoteInfo = "tipCalculator WatchKit Extension";
		};
/* End PBXContainerItemProxy section */

/* Begin PBXCopyFilesBuildPhase section */
		A95CF0792062B8C6007AA797 /* Embed App Extensions */ = {
			isa = PBXCopyFilesBuildPhase;
			buildActionMask = 2147483647;
			dstPath = "";
			dstSubfolderSpec = 13;
			files = (
				A95CF0662062B8C6007AA797 /* tipCalculator WatchKit Extension.appex in Embed App Extensions */,
			);
			name = "Embed App Extensions";
			runOnlyForDeploymentPostprocessing = 0;
		};
		A95CF07D2062B8C6007AA797 /* Embed Watch Content */ = {
			isa = PBXCopyFilesBuildPhase;
			buildActionMask = 2147483647;
			dstPath = "$(CONTENTS_FOLDER_PATH)/Watch";
			dstSubfolderSpec = 16;
			files = (
				A95CF0572062B8C5007AA797 /* tipCalculator WatchKit App.app in Embed Watch Content */,
			);
			name = "Embed Watch Content";
			runOnlyForDeploymentPostprocessing = 0;
		};
/* End PBXCopyFilesBuildPhase section */

/* Begin PBXFileReference section */
		A95CF0442062B8C5007AA797 /* tipCalculator.app */ = {isa = PBXFileReference; explicitFileType = wrapper.application; includeInIndex = 0; path = tipCalculator.app; sourceTree = BUILT_PRODUCTS_DIR; };
		A95CF0472062B8C5007AA797 /* AppDelegate.swift */ = {isa = PBXFileReference; lastKnownFileType = sourcecode.swift; path = AppDelegate.swift; sourceTree = "<group>"; };
		A95CF0492062B8C5007AA797 /* ViewController.swift */ = {isa = PBXFileReference; lastKnownFileType = sourcecode.swift; path = ViewController.swift; sourceTree = "<group>"; };
		A95CF04C2062B8C5007AA797 /* Base */ = {isa = PBXFileReference; lastKnownFileType = file.storyboard; name = Base; path = Base.lproj/Main.storyboard; sourceTree = "<group>"; };
		A95CF04E2062B8C5007AA797 /* Assets.xcassets */ = {isa = PBXFileReference; lastKnownFileType = folder.assetcatalog; path = Assets.xcassets; sourceTree = "<group>"; };
		A95CF0512062B8C5007AA797 /* Base */ = {isa = PBXFileReference; lastKnownFileType = file.storyboard; name = Base; path = Base.lproj/LaunchScreen.storyboard; sourceTree = "<group>"; };
		A95CF0532062B8C5007AA797 /* Info.plist */ = {isa = PBXFileReference; lastKnownFileType = text.plist.xml; path = Info.plist; sourceTree = "<group>"; };
		A95CF0562062B8C5007AA797 /* tipCalculator WatchKit App.app */ = {isa = PBXFileReference; explicitFileType = wrapper.application; includeInIndex = 0; path = "tipCalculator WatchKit App.app"; sourceTree = BUILT_PRODUCTS_DIR; };
		A95CF05C2062B8C5007AA797 /* Base */ = {isa = PBXFileReference; lastKnownFileType = file.storyboard; name = Base; path = Base.lproj/Interface.storyboard; sourceTree = "<group>"; };
		A95CF05E2062B8C5007AA797 /* Assets.xcassets */ = {isa = PBXFileReference; lastKnownFileType = folder.assetcatalog; path = Assets.xcassets; sourceTree = "<group>"; };
		A95CF0602062B8C5007AA797 /* Info.plist */ = {isa = PBXFileReference; lastKnownFileType = text.plist.xml; path = Info.plist; sourceTree = "<group>"; };
		A95CF0652062B8C6007AA797 /* tipCalculator WatchKit Extension.appex */ = {isa = PBXFileReference; explicitFileType = "wrapper.app-extension"; includeInIndex = 0; path = "tipCalculator WatchKit Extension.appex"; sourceTree = BUILT_PRODUCTS_DIR; };
		A95CF06A2062B8C6007AA797 /* InterfaceController.swift */ = {isa = PBXFileReference; lastKnownFileType = sourcecode.swift; path = InterfaceController.swift; sourceTree = "<group>"; };
		A95CF06C2062B8C6007AA797 /* ExtensionDelegate.swift */ = {isa = PBXFileReference; lastKnownFileType = sourcecode.swift; path = ExtensionDelegate.swift; sourceTree = "<group>"; };
		A95CF06E2062B8C6007AA797 /* NotificationController.swift */ = {isa = PBXFileReference; lastKnownFileType = sourcecode.swift; path = NotificationController.swift; sourceTree = "<group>"; };
		A95CF0702062B8C6007AA797 /* Assets.xcassets */ = {isa = PBXFileReference; lastKnownFileType = folder.assetcatalog; path = Assets.xcassets; sourceTree = "<group>"; };
		A95CF0722062B8C6007AA797 /* Info.plist */ = {isa = PBXFileReference; lastKnownFileType = text.plist.xml; path = Info.plist; sourceTree = "<group>"; };
		A95CF0732062B8C6007AA797 /* PushNotificationPayload.apns */ = {isa = PBXFileReference; lastKnownFileType = text; path = PushNotificationPayload.apns; sourceTree = "<group>"; };
/* End PBXFileReference section */

/* Begin PBXFrameworksBuildPhase section */
		A95CF0412062B8C5007AA797 /* Frameworks */ = {
			isa = PBXFrameworksBuildPhase;
			buildActionMask = 2147483647;
			files = (
			);
			runOnlyForDeploymentPostprocessing = 0;
		};
		A95CF0622062B8C6007AA797 /* Frameworks */ = {
			isa = PBXFrameworksBuildPhase;
			buildActionMask = 2147483647;
			files = (
			);
			runOnlyForDeploymentPostprocessing = 0;
		};
/* End PBXFrameworksBuildPhase section */

/* Begin PBXGroup section */
		A95CF03B2062B8C5007AA797 = {
			isa = PBXGroup;
			children = (
				A95CF0462062B8C5007AA797 /* tipCalculator */,
				A95CF05A2062B8C5007AA797 /* tipCalculator WatchKit App */,
				A95CF0692062B8C6007AA797 /* tipCalculator WatchKit Extension */,
				A95CF0452062B8C5007AA797 /* Products */,
			);
			sourceTree = "<group>";
		};
		A95CF0452062B8C5007AA797 /* Products */ = {
			isa = PBXGroup;
			children = (
				A95CF0442062B8C5007AA797 /* tipCalculator.app */,
				A95CF0562062B8C5007AA797 /* tipCalculator WatchKit App.app */,
				A95CF0652062B8C6007AA797 /* tipCalculator WatchKit Extension.appex */,
			);
			name = Products;
			sourceTree = "<group>";
		};
		A95CF0462062B8C5007AA797 /* tipCalculator */ = {
			isa = PBXGroup;
			children = (
				A95CF0472062B8C5007AA797 /* AppDelegate.swift */,
				A95CF0492062B8C5007AA797 /* ViewController.swift */,
				A95CF04B2062B8C5007AA797 /* Main.storyboard */,
				A95CF04E2062B8C5007AA797 /* Assets.xcassets */,
				A95CF0502062B8C5007AA797 /* LaunchScreen.storyboard */,
				A95CF0532062B8C5007AA797 /* Info.plist */,
			);
			path = tipCalculator;
			sourceTree = "<group>";
		};
		A95CF05A2062B8C5007AA797 /* tipCalculator WatchKit App */ = {
			isa = PBXGroup;
			children = (
				A95CF05B2062B8C5007AA797 /* Interface.storyboard */,
				A95CF05E2062B8C5007AA797 /* Assets.xcassets */,
				A95CF0602062B8C5007AA797 /* Info.plist */,
			);
			path = "tipCalculator WatchKit App";
			sourceTree = "<group>";
		};
		A95CF0692062B8C6007AA797 /* tipCalculator WatchKit Extension */ = {
			isa = PBXGroup;
			children = (
				A95CF06A2062B8C6007AA797 /* InterfaceController.swift */,
				A95CF06C2062B8C6007AA797 /* ExtensionDelegate.swift */,
				A95CF06E2062B8C6007AA797 /* NotificationController.swift */,
				A95CF0702062B8C6007AA797 /* Assets.xcassets */,
				A95CF0722062B8C6007AA797 /* Info.plist */,
				A95CF0732062B8C6007AA797 /* PushNotificationPayload.apns */,
			);
			path = "tipCalculator WatchKit Extension";
			sourceTree = "<group>";
		};
/* End PBXGroup section */

/* Begin PBXNativeTarget section */
		A95CF0432062B8C5007AA797 /* tipCalculator */ = {
			isa = PBXNativeTarget;
			buildConfigurationList = A95CF07E2062B8C6007AA797 /* Build configuration list for PBXNativeTarget "tipCalculator" */;
			buildPhases = (
				A95CF0402062B8C5007AA797 /* Sources */,
				A95CF0412062B8C5007AA797 /* Frameworks */,
				A95CF0422062B8C5007AA797 /* Resources */,
				A95CF07D2062B8C6007AA797 /* Embed Watch Content */,
			);
			buildRules = (
			);
			dependencies = (
				A95CF0592062B8C5007AA797 /* PBXTargetDependency */,
			);
			name = tipCalculator;
			productName = tipCalculator;
			productReference = A95CF0442062B8C5007AA797 /* tipCalculator.app */;
			productType = "com.apple.product-type.application";
		};
		A95CF0552062B8C5007AA797 /* tipCalculator WatchKit App */ = {
			isa = PBXNativeTarget;
			buildConfigurationList = A95CF07A2062B8C6007AA797 /* Build configuration list for PBXNativeTarget "tipCalculator WatchKit App" */;
			buildPhases = (
				A95CF0542062B8C5007AA797 /* Resources */,
				A95CF0792062B8C6007AA797 /* Embed App Extensions */,
			);
			buildRules = (
			);
			dependencies = (
				A95CF0682062B8C6007AA797 /* PBXTargetDependency */,
			);
			name = "tipCalculator WatchKit App";
			productName = "tipCalculator WatchKit App";
			productReference = A95CF0562062B8C5007AA797 /* tipCalculator WatchKit App.app */;
			productType = "com.apple.product-type.application.watchapp2";
		};
		A95CF0642062B8C6007AA797 /* tipCalculator WatchKit Extension */ = {
			isa = PBXNativeTarget;
			buildConfigurationList = A95CF0762062B8C6007AA797 /* Build configuration list for PBXNativeTarget "tipCalculator WatchKit Extension" */;
			buildPhases = (
				A95CF0612062B8C6007AA797 /* Sources */,
				A95CF0622062B8C6007AA797 /* Frameworks */,
				A95CF0632062B8C6007AA797 /* Resources */,
			);
			buildRules = (
			);
			dependencies = (
			);
			name = "tipCalculator WatchKit Extension";
			productName = "tipCalculator WatchKit Extension";
			productReference = A95CF0652062B8C6007AA797 /* tipCalculator WatchKit Extension.appex */;
			productType = "com.apple.product-type.watchkit2-extension";
		};
/* End PBXNativeTarget section */

/* Begin PBXProject section */
		A95CF03C2062B8C5007AA797 /* Project object */ = {
			isa = PBXProject;
			attributes = {
				LastSwiftUpdateCheck = 0920;
				LastUpgradeCheck = 0920;
				ORGANIZATIONNAME = "William Hettinger";
				TargetAttributes = {
					A95CF0432062B8C5007AA797 = {
						CreatedOnToolsVersion = 9.2;
						ProvisioningStyle = Automatic;
					};
					A95CF0552062B8C5007AA797 = {
						CreatedOnToolsVersion = 9.2;
						ProvisioningStyle = Automatic;
					};
					A95CF0642062B8C6007AA797 = {
						CreatedOnToolsVersion = 9.2;
						ProvisioningStyle = Automatic;
					};
				};
			};
			buildConfigurationList = A95CF03F2062B8C5007AA797 /* Build configuration list for PBXProject "tipCalculator" */;
			compatibilityVersion = "Xcode 8.0";
			developmentRegion = en;
			hasScannedForEncodings = 0;
			knownRegions = (
				en,
				Base,
			);
			mainGroup = A95CF03B2062B8C5007AA797;
			productRefGroup = A95CF0452062B8C5007AA797 /* Products */;
			projectDirPath = "";
			projectRoot = "";
			targets = (
				A95CF0432062B8C5007AA797 /* tipCalculator */,
				A95CF0552062B8C5007AA797 /* tipCalculator WatchKit App */,
				A95CF0642062B8C6007AA797 /* tipCalculator WatchKit Extension */,
			);
		};
/* End PBXProject section */

/* Begin PBXResourcesBuildPhase section */
		A95CF0422062B8C5007AA797 /* Resources */ = {
			isa = PBXResourcesBuildPhase;
			buildActionMask = 2147483647;
			files = (
				A95CF0522062B8C5007AA797 /* LaunchScreen.storyboard in Resources */,
				A95CF04F2062B8C5007AA797 /* Assets.xcassets in Resources */,
				A95CF04D2062B8C5007AA797 /* Main.storyboard in Resources */,
			);
			runOnlyForDeploymentPostprocessing = 0;
		};
		A95CF0542062B8C5007AA797 /* Resources */ = {
			isa = PBXResourcesBuildPhase;
			buildActionMask = 2147483647;
			files = (
				A95CF05F2062B8C5007AA797 /* Assets.xcassets in Resources */,
				A95CF05D2062B8C5007AA797 /* Interface.storyboard in Resources */,
			);
			runOnlyForDeploymentPostprocessing = 0;
		};
		A95CF0632062B8C6007AA797 /* Resources */ = {
			isa = PBXResourcesBuildPhase;
			buildActionMask = 2147483647;
			files = (
				A95CF0712062B8C6007AA797 /* Assets.xcassets in Resources */,
			);
			runOnlyForDeploymentPostprocessing = 0;
		};
/* End PBXResourcesBuildPhase section */

/* Begin PBXSourcesBuildPhase section */
		A95CF0402062B8C5007AA797 /* Sources */ = {
			isa = PBXSourcesBuildPhase;
			buildActionMask = 2147483647;
			files = (
				A95CF04A2062B8C5007AA797 /* ViewController.swift in Sources */,
				A95CF0482062B8C5007AA797 /* AppDelegate.swift in Sources */,
			);
			runOnlyForDeploymentPostprocessing = 0;
		};
		A95CF0612062B8C6007AA797 /* Sources */ = {
			isa = PBXSourcesBuildPhase;
			buildActionMask = 2147483647;
			files = (
				A95CF06F2062B8C6007AA797 /* NotificationController.swift in Sources */,
				A95CF06D2062B8C6007AA797 /* ExtensionDelegate.swift in Sources */,
				A95CF06B2062B8C6007AA797 /* InterfaceController.swift in Sources */,
			);
			runOnlyForDeploymentPostprocessing = 0;
		};
/* End PBXSourcesBuildPhase section */

/* Begin PBXTargetDependency section */
		A95CF0592062B8C5007AA797 /* PBXTargetDependency */ = {
			isa = PBXTargetDependency;
			target = A95CF0552062B8C5007AA797 /* tipCalculator WatchKit App */;
			targetProxy = A95CF0582062B8C5007AA797 /* PBXContainerItemProxy */;
		};
		A95CF0682062B8C6007AA797 /* PBXTargetDependency */ = {
			isa = PBXTargetDependency;
			target = A95CF0642062B8C6007AA797 /* tipCalculator WatchKit Extension */;
			targetProxy = A95CF0672062B8C6007AA797 /* PBXContainerItemProxy */;
		};
/* End PBXTargetDependency section */

/* Begin PBXVariantGroup section */
		A95CF04B2062B8C5007AA797 /* Main.storyboard */ = {
			isa = PBXVariantGroup;
			children = (
				A95CF04C2062B8C5007AA797 /* Base */,
			);
			name = Main.storyboard;
			sourceTree = "<group>";
		};
		A95CF0502062B8C5007AA797 /* LaunchScreen.storyboard */ = {
			isa = PBXVariantGroup;
			children = (
				A95CF0512062B8C5007AA797 /* Base */,
			);
			name = LaunchScreen.storyboard;
			sourceTree = "<group>";
		};
		A95CF05B2062B8C5007AA797 /* Interface.storyboard */ = {
			isa = PBXVariantGroup;
			children = (
				A95CF05C2062B8C5007AA797 /* Base */,
			);
			name = Interface.storyboard;
			sourceTree = "<group>";
		};
/* End PBXVariantGroup section */

/* Begin XCBuildConfiguration section */
		A95CF0742062B8C6007AA797 /* Debug */ = {
			isa = XCBuildConfiguration;
			buildSettings = {
				ALWAYS_SEARCH_USER_PATHS = NO;
				CLANG_ANALYZER_NONNULL = YES;
				CLANG_ANALYZER_NUMBER_OBJECT_CONVERSION = YES_AGGRESSIVE;
				CLANG_CXX_LANGUAGE_STANDARD = "gnu++14";
				CLANG_CXX_LIBRARY = "libc++";
				CLANG_ENABLE_MODULES = YES;
				CLANG_ENABLE_OBJC_ARC = YES;
				CLANG_WARN_BLOCK_CAPTURE_AUTORELEASING = YES;
				CLANG_WARN_BOOL_CONVERSION = YES;
				CLANG_WARN_COMMA = YES;
				CLANG_WARN_CONSTANT_CONVERSION = YES;
				CLANG_WARN_DIRECT_OBJC_ISA_USAGE = YES_ERROR;
				CLANG_WARN_DOCUMENTATION_COMMENTS = YES;
				CLANG_WARN_EMPTY_BODY = YES;
				CLANG_WARN_ENUM_CONVERSION = YES;
				CLANG_WARN_INFINITE_RECURSION = YES;
				CLANG_WARN_INT_CONVERSION = YES;
				CLANG_WARN_NON_LITERAL_NULL_CONVERSION = YES;
				CLANG_WARN_OBJC_LITERAL_CONVERSION = YES;
				CLANG_WARN_OBJC_ROOT_CLASS = YES_ERROR;
				CLANG_WARN_RANGE_LOOP_ANALYSIS = YES;
				CLANG_WARN_STRICT_PROTOTYPES = YES;
				CLANG_WARN_SUSPICIOUS_MOVE = YES;
				CLANG_WARN_UNGUARDED_AVAILABILITY = YES_AGGRESSIVE;
				CLANG_WARN_UNREACHABLE_CODE = YES;
				CLANG_WARN__DUPLICATE_METHOD_MATCH = YES;
				CODE_SIGN_IDENTITY = "iPhone Developer";
				COPY_PHASE_STRIP = NO;
				DEBUG_INFORMATION_FORMAT = dwarf;
				ENABLE_STRICT_OBJC_MSGSEND = YES;
				ENABLE_TESTABILITY = YES;
				GCC_C_LANGUAGE_STANDARD = gnu11;
				GCC_DYNAMIC_NO_PIC = NO;
				GCC_NO_COMMON_BLOCKS = YES;
				GCC_OPTIMIZATION_LEVEL = 0;
				GCC_PREPROCESSOR_DEFINITIONS = (
					"DEBUG=1",
					"$(inherited)",
				);
				GCC_WARN_64_TO_32_BIT_CONVERSION = YES;
				GCC_WARN_ABOUT_RETURN_TYPE = YES_ERROR;
				GCC_WARN_UNDECLARED_SELECTOR = YES;
				GCC_WARN_UNINITIALIZED_AUTOS = YES_AGGRESSIVE;
				GCC_WARN_UNUSED_FUNCTION = YES;
				GCC_WARN_UNUSED_VARIABLE = YES;
				IPHONEOS_DEPLOYMENT_TARGET = 11.2;
				MTL_ENABLE_DEBUG_INFO = YES;
				ONLY_ACTIVE_ARCH = YES;
				SDKROOT = iphoneos;
				SWIFT_ACTIVE_COMPILATION_CONDITIONS = DEBUG;
				SWIFT_OPTIMIZATION_LEVEL = "-Onone";
			};
			name = Debug;
		};
		A95CF0752062B8C6007AA797 /* Release */ = {
			isa = XCBuildConfiguration;
			buildSettings = {
				ALWAYS_SEARCH_USER_PATHS = NO;
				CLANG_ANALYZER_NONNULL = YES;
				CLANG_ANALYZER_NUMBER_OBJECT_CONVERSION = YES_AGGRESSIVE;
				CLANG_CXX_LANGUAGE_STANDARD = "gnu++14";
				CLANG_CXX_LIBRARY = "libc++";
				CLANG_ENABLE_MODULES = YES;
				CLANG_ENABLE_OBJC_ARC = YES;
				CLANG_WARN_BLOCK_CAPTURE_AUTORELEASING = YES;
				CLANG_WARN_BOOL_CONVERSION = YES;
				CLANG_WARN_COMMA = YES;
				CLANG_WARN_CONSTANT_CONVERSION = YES;
				CLANG_WARN_DIRECT_OBJC_ISA_USAGE = YES_ERROR;
				CLANG_WARN_DOCUMENTATION_COMMENTS = YES;
				CLANG_WARN_EMPTY_BODY = YES;
				CLANG_WARN_ENUM_CONVERSION = YES;
				CLANG_WARN_INFINITE_RECURSION = YES;
				CLANG_WARN_INT_CONVERSION = YES;
				CLANG_WARN_NON_LITERAL_NULL_CONVERSION = YES;
				CLANG_WARN_OBJC_LITERAL_CONVERSION = YES;
				CLANG_WARN_OBJC_ROOT_CLASS = YES_ERROR;
				CLANG_WARN_RANGE_LOOP_ANALYSIS = YES;
				CLANG_WARN_STRICT_PROTOTYPES = YES;
				CLANG_WARN_SUSPICIOUS_MOVE = YES;
				CLANG_WARN_UNGUARDED_AVAILABILITY = YES_AGGRESSIVE;
				CLANG_WARN_UNREACHABLE_CODE = YES;
				CLANG_WARN__DUPLICATE_METHOD_MATCH = YES;
				CODE_SIGN_IDENTITY = "iPhone Developer";
				COPY_PHASE_STRIP = NO;
				DEBUG_INFORMATION_FORMAT = "dwarf-with-dsym";
				ENABLE_NS_ASSERTIONS = NO;
				ENABLE_STRICT_OBJC_MSGSEND = YES;
				GCC_C_LANGUAGE_STANDARD = gnu11;
				GCC_NO_COMMON_BLOCKS = YES;
				GCC_WARN_64_TO_32_BIT_CONVERSION = YES;
				GCC_WARN_ABOUT_RETURN_TYPE = YES_ERROR;
				GCC_WARN_UNDECLARED_SELECTOR = YES;
				GCC_WARN_UNINITIALIZED_AUTOS = YES_AGGRESSIVE;
				GCC_WARN_UNUSED_FUNCTION = YES;
				GCC_WARN_UNUSED_VARIABLE = YES;
				IPHONEOS_DEPLOYMENT_TARGET = 11.2;
				MTL_ENABLE_DEBUG_INFO = NO;
				SDKROOT = iphoneos;
				SWIFT_OPTIMIZATION_LEVEL = "-Owholemodule";
				VALIDATE_PRODUCT = YES;
			};
			name = Release;
		};
		A95CF0772062B8C6007AA797 /* Debug */ = {
			isa = XCBuildConfiguration;
			buildSettings = {
				ASSETCATALOG_COMPILER_COMPLICATION_NAME = Complication;
				CODE_SIGN_STYLE = Automatic;
				DEVELOPMENT_TEAM = 6G8U3S3YV7;
				INFOPLIST_FILE = "tipCalculator WatchKit Extension/Info.plist";
				LD_RUNPATH_SEARCH_PATHS = "$(inherited) @executable_path/Frameworks @executable_path/../../Frameworks";
				PRODUCT_BUNDLE_IDENTIFIER = com.williamhettinger.tipCalculator.watchkitapp.watchkitextension;
				PRODUCT_NAME = "${TARGET_NAME}";
				SDKROOT = watchos;
				SKIP_INSTALL = YES;
				SWIFT_VERSION = 4.0;
				TARGETED_DEVICE_FAMILY = 4;
				WATCHOS_DEPLOYMENT_TARGET = 4.2;
			};
			name = Debug;
		};
		A95CF0782062B8C6007AA797 /* Release */ = {
			isa = XCBuildConfiguration;
			buildSettings = {
				ASSETCATALOG_COMPILER_COMPLICATION_NAME = Complication;
				CODE_SIGN_STYLE = Automatic;
				DEVELOPMENT_TEAM = 6G8U3S3YV7;
				INFOPLIST_FILE = "tipCalculator WatchKit Extension/Info.plist";
				LD_RUNPATH_SEARCH_PATHS = "$(inherited) @executable_path/Frameworks @executable_path/../../Frameworks";
				PRODUCT_BUNDLE_IDENTIFIER = com.williamhettinger.tipCalculator.watchkitapp.watchkitextension;
				PRODUCT_NAME = "${TARGET_NAME}";
				SDKROOT = watchos;
				SKIP_INSTALL = YES;
				SWIFT_VERSION = 4.0;
				TARGETED_DEVICE_FAMILY = 4;
				WATCHOS_DEPLOYMENT_TARGET = 4.2;
			};
			name = Release;
		};
		A95CF07B2062B8C6007AA797 /* Debug */ = {
			isa = XCBuildConfiguration;
			buildSettings = {
				ALWAYS_EMBED_SWIFT_STANDARD_LIBRARIES = YES;
				ASSETCATALOG_COMPILER_APPICON_NAME = AppIcon;
				CODE_SIGN_STYLE = Automatic;
				DEVELOPMENT_TEAM = 6G8U3S3YV7;
				IBSC_MODULE = tipCalculator_WatchKit_Extension;
				INFOPLIST_FILE = "tipCalculator WatchKit App/Info.plist";
				PRODUCT_BUNDLE_IDENTIFIER = com.williamhettinger.tipCalculator.watchkitapp;
				PRODUCT_NAME = "$(TARGET_NAME)";
				SDKROOT = watchos;
				SKIP_INSTALL = YES;
				SWIFT_VERSION = 4.0;
				TARGETED_DEVICE_FAMILY = 4;
				WATCHOS_DEPLOYMENT_TARGET = 4.2;
			};
			name = Debug;
		};
		A95CF07C2062B8C6007AA797 /* Release */ = {
			isa = XCBuildConfiguration;
			buildSettings = {
				ALWAYS_EMBED_SWIFT_STANDARD_LIBRARIES = YES;
				ASSETCATALOG_COMPILER_APPICON_NAME = AppIcon;
				CODE_SIGN_STYLE = Automatic;
				DEVELOPMENT_TEAM = 6G8U3S3YV7;
				IBSC_MODULE = tipCalculator_WatchKit_Extension;
				INFOPLIST_FILE = "tipCalculator WatchKit App/Info.plist";
				PRODUCT_BUNDLE_IDENTIFIER = com.williamhettinger.tipCalculator.watchkitapp;
				PRODUCT_NAME = "$(TARGET_NAME)";
				SDKROOT = watchos;
				SKIP_INSTALL = YES;
				SWIFT_VERSION = 4.0;
				TARGETED_DEVICE_FAMILY = 4;
				WATCHOS_DEPLOYMENT_TARGET = 4.2;
			};
			name = Release;
		};
		A95CF07F2062B8C6007AA797 /* Debug */ = {
			isa = XCBuildConfiguration;
			buildSettings = {
				ASSETCATALOG_COMPILER_APPICON_NAME = AppIcon;
				CODE_SIGN_STYLE = Automatic;
				DEVELOPMENT_TEAM = 6G8U3S3YV7;
				INFOPLIST_FILE = tipCalculator/Info.plist;
				LD_RUNPATH_SEARCH_PATHS = "$(inherited) @executable_path/Frameworks";
				PRODUCT_BUNDLE_IDENTIFIER = com.williamhettinger.tipCalculator;
				PRODUCT_NAME = "$(TARGET_NAME)";
				SWIFT_VERSION = 4.0;
				TARGETED_DEVICE_FAMILY = "1,2";
			};
			name = Debug;
		};
		A95CF0802062B8C6007AA797 /* Release */ = {
			isa = XCBuildConfiguration;
			buildSettings = {
				ASSETCATALOG_COMPILER_APPICON_NAME = AppIcon;
				CODE_SIGN_STYLE = Automatic;
				DEVELOPMENT_TEAM = 6G8U3S3YV7;
				INFOPLIST_FILE = tipCalculator/Info.plist;
				LD_RUNPATH_SEARCH_PATHS = "$(inherited) @executable_path/Frameworks";
				PRODUCT_BUNDLE_IDENTIFIER = com.williamhettinger.tipCalculator;
				PRODUCT_NAME = "$(TARGET_NAME)";
				SWIFT_VERSION = 4.0;
				TARGETED_DEVICE_FAMILY = "1,2";
			};
			name = Release;
		};
/* End XCBuildConfiguration section */

/* Begin XCConfigurationList section */
		A95CF03F2062B8C5007AA797 /* Build configuration list for PBXProject "tipCalculator" */ = {
			isa = XCConfigurationList;
			buildConfigurations = (
				A95CF0742062B8C6007AA797 /* Debug */,
				A95CF0752062B8C6007AA797 /* Release */,
			);
			defaultConfigurationIsVisible = 0;
			defaultConfigurationName = Release;
		};
		A95CF0762062B8C6007AA797 /* Build configuration list for PBXNativeTarget "tipCalculator WatchKit Extension" */ = {
			isa = XCConfigurationList;
			buildConfigurations = (
				A95CF0772062B8C6007AA797 /* Debug */,
				A95CF0782062B8C6007AA797 /* Release */,
			);
			defaultConfigurationIsVisible = 0;
			defaultConfigurationName = Release;
		};
		A95CF07A2062B8C6007AA797 /* Build configuration list for PBXNativeTarget "tipCalculator WatchKit App" */ = {
			isa = XCConfigurationList;
			buildConfigurations = (
				A95CF07B2062B8C6007AA797 /* Debug */,
				A95CF07C2062B8C6007AA797 /* Release */,
			);
			defaultConfigurationIsVisible = 0;
			defaultConfigurationName = Release;
		};
		A95CF07E2062B8C6007AA797 /* Build configuration list for PBXNativeTarget "tipCalculator" */ = {
			isa = XCConfigurationList;
			buildConfigurations = (
				A95CF07F2062B8C6007AA797 /* Debug */,
				A95CF0802062B8C6007AA797 /* Release */,
			);
			defaultConfigurationIsVisible = 0;
			defaultConfigurationName = Release;
		};
/* End XCConfigurationList section */
	};
	rootObject = A95CF03C2062B8C5007AA797 /* Project object */;
}
